# This file is automatically @generated by Cargo.
# It is not intended for manual editing.
version = 4

[[package]]
name = "mechanix-config"
version = "0.1.0"

[[package]]
name = "mechanix-config-cli"
version = "0.1.0"

[[package]]
name = "mechanix-config-client"
version = "0.1.0"

[[package]]
name = "mechanix-config-server"
version = "0.1.0"
